// !$*UTF8*$!
{
	archiveVersion = 1;
	classes = {
	};
	objectVersion = 56;
	objects = {

/* Begin PBXBuildFile section */
		17A7E808C987B05E81A84B8F /* PiPTextDisplayApp.swift in Sources */ = {isa = PBXBuildFile; fileRef = 373BEC1649825B77BCF9A587 /* PiPTextDisplayApp.swift */; };
		E89601D6689D4DD47CAAA3AE /* ContentView.swift in Sources */ = {isa = PBXBuildFile; fileRef = 661561E5DA890A89A444A306 /* ContentView.swift */; };
		2222437CDB58A830902D9D24 /* PiPManager.swift in Sources */ = {isa = PBXBuildFile; fileRef = 1C5DB7B4603B75A1D469546F /* PiPManager.swift */; };
		D0AE09AB4B01562D0E7B3C60 /* SampleBufferLayerView.swift in Sources */ = {isa = PBXBuildFile; fileRef = B27DCD97C30CD5C513477F98 /* SampleBufferLayerView.swift */; };
		45AAE402E3C6AD50B50818FC /* TextFrameRenderer.swift in Sources */ = {isa = PBXBuildFile; fileRef = 87017EAC5BF847B973714DE6 /* TextFrameRenderer.swift */; };
		6D4292F73DA3C6E68B1F31EA /* PiPIntents.swift in Sources */ = {isa = PBXBuildFile; fileRef = FBEEA20F109D6F4C07D2C6BC /* PiPIntents.swift */; };
/* End PBXBuildFile section */

/* Begin PBXFileReference section */
		373BEC1649825B77BCF9A587 /* PiPTextDisplayApp.swift */ = {isa = PBXFileReference; lastKnownFileType = sourcecode.swift; path = "PiPTextDisplayApp.swift"; sourceTree = "<group>"; };
		661561E5DA890A89A444A306 /* ContentView.swift */ = {isa = PBXFileReference; lastKnownFileType = sourcecode.swift; path = "ContentView.swift"; sourceTree = "<group>"; };
		1C5DB7B4603B75A1D469546F /* PiPManager.swift */ = {isa = PBXFileReference; lastKnownFileType = sourcecode.swift; path = "PiPManager.swift"; sourceTree = "<group>"; };
		B27DCD97C30CD5C513477F98 /* SampleBufferLayerView.swift */ = {isa = PBXFileReference; lastKnownFileType = sourcecode.swift; path = "SampleBufferLayerView.swift"; sourceTree = "<group>"; };
		87017EAC5BF847B973714DE6 /* TextFrameRenderer.swift */ = {isa = PBXFileReference; lastKnownFileType = sourcecode.swift; path = "TextFrameRenderer.swift"; sourceTree = "<group>"; };
		FBEEA20F109D6F4C07D2C6BC /* PiPIntents.swift */ = {isa = PBXFileReference; lastKnownFileType = sourcecode.swift; path = "PiPIntents.swift"; sourceTree = "<group>"; };
		DF6411E77D80A262CFB5FB35 /* Info.plist */ = {isa = PBXFileReference; lastKnownFileType = text.plist.xml; path = Info.plist; sourceTree = "<group>"; };
		395A56A3CC07FC7A9176EA55 /* PiPTextDisplay.app */ = {isa = PBXFileReference; explicitFileType = wrapper.application; includeInIndex = 0; path = PiPTextDisplay.app; sourceTree = BUILT_PRODUCTS_DIR; };
/* End PBXFileReference section */

/* Begin PBXFrameworksBuildPhase section */
		FFEBDFC9E75FE22683CDB69E /* Frameworks */ = {
			isa = PBXFrameworksBuildPhase;
			buildActionMask = 2147483647;
			files = (
			);
			runOnlyForDeploymentPostprocessing = 0;
		};
/* End PBXFrameworksBuildPhase section */

/* Begin PBXGroup section */
		8DF547AD75BFFD09655F8266 = {
			isa = PBXGroup;
			children = (
				EC09A4A9E1A56F736294D82E /* Sources */,
				ED6E16F86792F915E2AAEC67 /* Resources */,
				192043EC6F0337C818215876 /* Products */,
			);
			sourceTree = "<group>";
		};
		192043EC6F0337C818215876 /* Products */ = {
			isa = PBXGroup;
			children = (
				395A56A3CC07FC7A9176EA55 /* PiPTextDisplay.app */,
			);
			name = Products;
			sourceTree = "<group>";
		};
		EC09A4A9E1A56F736294D82E /* Sources */ = {
			isa = PBXGroup;
			children = (
				373BEC1649825B77BCF9A587 /* PiPTextDisplayApp.swift */,
				DE2B4B3E7DDDBC310BFD58DC /* UI */,
				5BC2146269FC145FD2B1A8CC /* PiP */,
				A2D65E4BE43ADF22C34FA83F /* Rendering */,
				CC662C31C57A7ECF29BC8E7C /* Intents */,
			);
			name = Sources;
			path = Sources/PiPTextDisplay;
			sourceTree = "<group>";
		};
		DE2B4B3E7DDDBC310BFD58DC /* UI */ = {
			isa = PBXGroup;
			children = (
				661561E5DA890A89A444A306 /* ContentView.swift */,
			);
			name = UI;
			path = UI;
			sourceTree = "<group>";
		};
		5BC2146269FC145FD2B1A8CC /* PiP */ = {
			isa = PBXGroup;
			children = (
				1C5DB7B4603B75A1D469546F /* PiPManager.swift */,
				B27DCD97C30CD5C513477F98 /* SampleBufferLayerView.swift */,
			);
			name = PiP;
			path = PiP;
			sourceTree = "<group>";
		};
		A2D65E4BE43ADF22C34FA83F /* Rendering */ = {
			isa = PBXGroup;
			children = (
				87017EAC5BF847B973714DE6 /* TextFrameRenderer.swift */,
			);
			name = Rendering;
			path = Rendering;
			sourceTree = "<group>";
		};
		CC662C31C57A7ECF29BC8E7C /* Intents */ = {
			isa = PBXGroup;
			children = (
				FBEEA20F109D6F4C07D2C6BC /* PiPIntents.swift */,
			);
			name = Intents;
			path = Intents;
			sourceTree = "<group>";
		};
		ED6E16F86792F915E2AAEC67 /* Resources */ = {
			isa = PBXGroup;
			children = (
				DF6411E77D80A262CFB5FB35 /* Info.plist */,
			);
			name = Resources;
			path = Resources;
			sourceTree = "<group>";
		};
/* End PBXGroup section */

/* Begin PBXNativeTarget section */
		3DC0DB889344EDF0B8706951 /* PiPTextDisplay */ = {
			isa = PBXNativeTarget;
			buildConfigurationList = 6E876D3DE73C61FC6CC954DF /* Build configuration list for PBXNativeTarget "PiPTextDisplay" */;
			buildPhases = (
				57A245FA679DB305BA99A207 /* Sources */,
				FFEBDFC9E75FE22683CDB69E /* Frameworks */,
				BCF9FB6AB8562D5A1B0B1A48 /* Resources */,
			);
			buildRules = (
			);
			dependencies = (
			);
			name = PiPTextDisplay;
			productName = PiPTextDisplay;
			productReference = 395A56A3CC07FC7A9176EA55 /* PiPTextDisplay.app */;
			productType = "com.apple.product-type.application";
		};
/* End PBXNativeTarget section */

/* Begin PBXProject section */
		D1FB402F1269BA7396DCA9CB /* Project object */ = {
			isa = PBXProject;
			attributes = {
				BuildIndependentTargetsInParallel = 1;
				LastSwiftUpdateCheck = 1600;
				LastUpgradeCheck = 1600;
				TargetAttributes = {
					3DC0DB889344EDF0B8706951 = {
						CreatedOnToolsVersion = 16.0;
					};
				};
			};
			buildConfigurationList = 524394C8005DD0E8CAB780A5 /* Build configuration list for PBXProject "PiPTextDisplay" */;
			compatibilityVersion = "Xcode 14.0";
			developmentRegion = en;
			hasScannedForEncodings = 0;
			knownRegions = (
				en,
				Base,
			);
			mainGroup = 8DF547AD75BFFD09655F8266;
			productRefGroup = 192043EC6F0337C818215876 /* Products */;
			projectDirPath = "";
			projectRoot = "";
			targets = (
				3DC0DB889344EDF0B8706951 /* PiPTextDisplay */,
			);
		};
/* End PBXProject section */

/* Begin PBXResourcesBuildPhase section */
		BCF9FB6AB8562D5A1B0B1A48 /* Resources */ = {
			isa = PBXResourcesBuildPhase;
			buildActionMask = 2147483647;
			files = (
			);
			runOnlyForDeploymentPostprocessing = 0;
		};
/* End PBXResourcesBuildPhase section */

/* Begin PBXSourcesBuildPhase section */
		57A245FA679DB305BA99A207 /* Sources */ = {
			isa = PBXSourcesBuildPhase;
			buildActionMask = 2147483647;
			files = (
				17A7E808C987B05E81A84B8F /* PiPTextDisplayApp.swift in Sources */,
				E89601D6689D4DD47CAAA3AE /* ContentView.swift in Sources */,
				2222437CDB58A830902D9D24 /* PiPManager.swift in Sources */,
				D0AE09AB4B01562D0E7B3C60 /* SampleBufferLayerView.swift in Sources */,
				45AAE402E3C6AD50B50818FC /* TextFrameRenderer.swift in Sources */,
				6D4292F73DA3C6E68B1F31EA /* PiPIntents.swift in Sources */,
			);
			runOnlyForDeploymentPostprocessing = 0;
		};
/* End PBXSourcesBuildPhase section */

/* Begin XCBuildConfiguration section */
		89030F08E01931B668649C8A /* Debug */ = {
			isa = XCBuildConfiguration;
			buildSettings = {
				ALWAYS_SEARCH_USER_PATHS = NO;
				ASSET_CATALOG_COMPILER_OPTIMIZATION = space;
				CLANG_ANALYZER_NONNULL = YES;
				CLANG_ANALYZER_NUMBER_OBJECT_CONVERSION = YES_AGGRESSIVE;
				CLANG_CXX_LANGUAGE_STANDARD = "gnu++20";
				CLANG_ENABLE_MODULES = YES;
				CLANG_ENABLE_OBJC_ARC = YES;
				CLANG_ENABLE_OBJC_WEAK = YES;
				CLANG_WARN_BLOCK_CAPTURE_AUTORELEASING = YES;
				CLANG_WARN_BOOL_CONVERSION = YES;
				CLANG_WARN_COMMA = YES;
				CLANG_WARN_CONSTANT_CONVERSION = YES;
				CLANG_WARN_DEPRECATED_OBJC_IMPLEMENTATIONS = YES;
				CLANG_WARN_DIRECT_OBJC_ISA_USAGE = YES_ERROR;
				CLANG_WARN_DOCUMENTATION_COMMENTS = YES;
				CLANG_WARN_EMPTY_BODY = YES;
				CLANG_WARN_ENUM_CONVERSION = YES;
				CLANG_WARN_INFINITE_RECURSION = YES;
				CLANG_WARN_INT_CONVERSION = YES;
				CLANG_WARN_NON_LITERAL_NULL_CONVERSION = YES;
				CLANG_WARN_OBJC_IMPLICIT_RETAIN_SELF = YES;
				CLANG_WARN_OBJC_LITERAL_CONVERSION = YES;
				CLANG_WARN_OBJC_ROOT_CLASS = YES_ERROR;
				CLANG_WARN_QUOTED_INCLUDE_IN_FRAMEWORK_HEADER = YES;
				CLANG_WARN_RANGE_LOOP_ANALYSIS = YES;
				CLANG_WARN_STRICT_PROTOTYPES = YES;
				CLANG_WARN_SUSPICIOUS_MOVE = YES;
				CLANG_WARN_UNGUARDED_AVAILABILITY = YES_AGGRESSIVE;
				CLANG_WARN_UNREACHABLE_CODE = YES;
				CLANG_WARN__DUPLICATE_METHOD_MATCH = YES;
				COPY_PHASE_STRIP = NO;
				DEBUG_INFORMATION_FORMAT = dwarf;
				ENABLE_STRICT_OBJC_MSGSEND = YES;
				ENABLE_TESTABILITY = YES;
				ENABLE_USER_SCRIPT_SANDBOXING = YES;
				GCC_C_LANGUAGE_STANDARD = gnu17;
				GCC_DYNAMIC_NO_PIC = NO;
				GCC_NO_COMMON_BLOCKS = YES;
				GCC_OPTIMIZATION_LEVEL = 0;
				GCC_PREPROCESSOR_DEFINITIONS = (
					"DEBUG=1",
					"$(inherited)",
				);
				GCC_WARN_64_TO_32_BIT_CONVERSION = YES;
				GCC_WARN_ABOUT_RETURN_TYPE = YES_ERROR;
				GCC_WARN_UNDECLARED_SELECTOR = YES;
				GCC_WARN_UNINITIALIZED_AUTOS = YES_AGGRESSIVE;
				GCC_WARN_UNUSED_FUNCTION = YES;
				GCC_WARN_UNUSED_VARIABLE = YES;
				IPHONEOS_DEPLOYMENT_TARGET = 17.0;
				MTL_ENABLE_DEBUG_INFO = INCLUDE_SOURCE;
				MTL_FAST_MATH = YES;
				ONLY_ACTIVE_ARCH = YES;
				SDKROOT = iphoneos;
				SWIFT_ACTIVE_COMPILATION_CONDITIONS = DEBUG;
				SWIFT_OPTIMIZATION_LEVEL = "-Onone";
			};
			name = Debug;
		};
		E3890B82F99FA0834227A9C3 /* Release */ = {
			isa = XCBuildConfiguration;
			buildSettings = {
				ALWAYS_SEARCH_USER_PATHS = NO;
				ASSET_CATALOG_COMPILER_OPTIMIZATION = space;
				CLANG_ANALYZER_NONNULL = YES;
				CLANG_ANALYZER_NUMBER_OBJECT_CONVERSION = YES_AGGRESSIVE;
				CLANG_CXX_LANGUAGE_STANDARD = "gnu++20";
				CLANG_ENABLE_MODULES = YES;
				CLANG_ENABLE_OBJC_ARC = YES;
				CLANG_ENABLE_OBJC_WEAK = YES;
				CLANG_WARN_BLOCK_CAPTURE_AUTORELEASING = YES;
				CLANG_WARN_BOOL_CONVERSION = YES;
				CLANG_WARN_COMMA = YES;
				CLANG_WARN_CONSTANT_CONVERSION = YES;
				CLANG_WARN_DEPRECATED_OBJC_IMPLEMENTATIONS = YES;
				CLANG_WARN_DIRECT_OBJC_ISA_USAGE = YES_ERROR;
				CLANG_WARN_DOCUMENTATION_COMMENTS = YES;
				CLANG_WARN_EMPTY_BODY = YES;
				CLANG_WARN_ENUM_CONVERSION = YES;
				CLANG_WARN_INFINITE_RECURSION = YES;
				CLANG_WARN_INT_CONVERSION = YES;
				CLANG_WARN_NON_LITERAL_NULL_CONVERSION = YES;
				CLANG_WARN_OBJC_IMPLICIT_RETAIN_SELF = YES;
				CLANG_WARN_OBJC_LITERAL_CONVERSION = YES;
				CLANG_WARN_OBJC_ROOT_CLASS = YES_ERROR;
				CLANG_WARN_QUOTED_INCLUDE_IN_FRAMEWORK_HEADER = YES;
				CLANG_WARN_RANGE_LOOP_ANALYSIS = YES;
				CLANG_WARN_STRICT_PROTOTYPES = YES;
				CLANG_WARN_SUSPICIOUS_MOVE = YES;
				CLANG_WARN_UNGUARDED_AVAILABILITY = YES_AGGRESSIVE;
				CLANG_WARN_UNREACHABLE_CODE = YES;
				CLANG_WARN__DUPLICATE_METHOD_MATCH = YES;
				COPY_PHASE_STRIP = NO;
				DEBUG_INFORMATION_FORMAT = "dwarf-with-dsym";
				ENABLE_NS_ASSERTIONS = NO;
				ENABLE_STRICT_OBJC_MSGSEND = YES;
				ENABLE_USER_SCRIPT_SANDBOXING = YES;
				GCC_C_LANGUAGE_STANDARD = gnu17;
				GCC_NO_COMMON_BLOCKS = YES;
				GCC_WARN_64_TO_32_BIT_CONVERSION = YES;
				GCC_WARN_ABOUT_RETURN_TYPE = YES_ERROR;
				GCC_WARN_UNDECLARED_SELECTOR = YES;
				GCC_WARN_UNINITIALIZED_AUTOS = YES_AGGRESSIVE;
				GCC_WARN_UNUSED_FUNCTION = YES;
				GCC_WARN_UNUSED_VARIABLE = YES;
				IPHONEOS_DEPLOYMENT_TARGET = 17.0;
				MTL_FAST_MATH = YES;
				SDKROOT = iphoneos;
				SWIFT_COMPILATION_MODE = wholemodule;
				SWIFT_OPTIMIZATION_LEVEL = "-O";
				VALIDATE_PRODUCT = YES;
			};
			name = Release;
		};
		A01B5478D00658A3163D07E3 /* Debug */ = {
			isa = XCBuildConfiguration;
			buildSettings = {
				CODE_SIGN_ENTITLEMENTS = Resources/PiPTextDisplay.entitlements;
				CODE_SIGN_STYLE = Automatic;
				CURRENT_PROJECT_VERSION = 1;
				DEVELOPMENT_ASSET_PATHS = "";
				DEVELOPMENT_TEAM = "";
				ENABLE_PREVIEWS = YES;
				GENERATE_INFOPLIST_FILE = NO;
				INFOPLIST_FILE = Resources/Info.plist;
				IPHONEOS_DEPLOYMENT_TARGET = 17.0;
				LE_SWIFT_VERSION = 5.0;
				MARKETING_VERSION = 1.0;
				PRODUCT_BUNDLE_IDENTIFIER = "com.yourteam.PiPTextDisplay";
				PRODUCT_NAME = "$(TARGET_NAME)";
				SDKROOT = iphoneos;
				SUPPORTED_PLATFORMS = iphoneos;
				SUPPORTS_MAC_DESIGNED_FOR_IPHONE_IPAD = NO;
				SWIFT_EMIT_LOC_STRINGS = YES;
				SWIFT_VERSION = 5.0;
				TARGETED_DEVICE_FAMILY = "1,2";
			};
			name = Debug;
		};
		E5A0ADEA58EECE0E4BB48C22 /* Release */ = {
			isa = XCBuildConfiguration;
			buildSettings = {
				ASSET_CATALOG_COMPILER_OPTIMIZATION = space;
				CODE_SIGN_ENTITLEMENTS = Resources/PiPTextDisplay.entitlements;
				CODE_SIGN_STYLE = Automatic;
				CURRENT_PROJECT_VERSION = 1;
				DEVELOPMENT_ASSET_PATHS = "";
				DEVELOPMENT_TEAM = "";
				ENABLE_PREVIEWS = YES;
				GENERATE_INFOPLIST_FILE = NO;
				INFOPLIST_FILE = Resources/Info.plist;
				IPHONEOS_DEPLOYMENT_TARGET = 17.0;
				LE_SWIFT_VERSION = 5.0;
				MARKETING_VERSION = 1.0;
				PRODUCT_BUNDLE_IDENTIFIER = "com.yourteam.PiPTextDisplay";
				PRODUCT_NAME = "$(TARGET_NAME)";
				SDKROOT = iphoneos;
				SUPPORTED_PLATFORMS = iphoneos;
				SUPPORTS_MAC_DESIGNED_FOR_IPHONE_IPAD = NO;
				SWIFT_EMIT_LOC_STRINGS = YES;
				SWIFT_VERSION = 5.0;
				TARGETED_DEVICE_FAMILY = "1,2";
			};
			name = Release;
		};
/* End XCBuildConfiguration section */

/* Begin XCConfigurationList section */
		524394C8005DD0E8CAB780A5 /* Build configuration list for PBXProject "PiPTextDisplay" */ = {
			isa = XCConfigurationList;
			buildConfigurations = (
				89030F08E01931B668649C8A /* Debug */,
				E3890B82F99FA0834227A9C3 /* Release */,
			);
			defaultConfigurationIsVisible = 0;
			defaultConfigurationName = Release;
		};
		6E876D3DE73C61FC6CC954DF /* Build configuration list for PBXNativeTarget "PiPTextDisplay" */ = {
			isa = XCConfigurationList;
			buildConfigurations = (
				A01B5478D00658A3163D07E3 /* Debug */,
				E5A0ADEA58EECE0E4BB48C22 /* Release */,
			);
			defaultConfigurationIsVisible = 0;
			defaultConfigurationName = Release;
		};
/* End XCConfigurationList section */
	};
	rootObject = D1FB402F1269BA7396DCA9CB /* Project object */;
}
